
Microsoft Visual Studio Solution File, Format Version 12.00
# Visual Studio Version 16
VisualStudioVersion = 16.0.29926.136
MinimumVisualStudioVersion = 10.0.40219.1
Project("{FAE04EC0-301F-11D3-BF4B-00C04F79EFBC}") = "VeterinarioPro2022", "VeterinarioPro2022\VeterinarioPro2022.csproj", "{2B47D03E-8922-4AF3-A4E3-7D98117676AA}"
EndProject
Global
	GlobalSection(SolutionConfigurationPlatforms) = preSolution
		Debug|Any CPU = Debug|Any CPU
		Release|Any CPU = Release|Any CPU
	EndGlobalSection
	GlobalSection(ProjectConfigurationPlatforms) = postSolution
		{2B47D03E-8922-4AF3-A4E3-7D98117676AA}.Debug|Any CPU.ActiveCfg = Debug|Any CPU
		{2B47D03E-8922-4AF3-A4E3-7D98117676AA}.Debug|Any CPU.Build.0 = Debug|Any CPU
		{2B47D03E-8922-4AF3-A4E3-7D98117676AA}.Release|Any CPU.ActiveCfg = Release|Any CPU
		{2B47D03E-8922-4AF3-A4E3-7D98117676AA}.Release|Any CPU.Build.0 = Release|Any CPU
	EndGlobalSection
	GlobalSection(SolutionProperties) = preSolution
		HideSolutionNode = FALSE
	EndGlobalSection
	GlobalSection(ExtensibilityGlobals) = postSolution
		SolutionGuid = {0E8DEFA6-9374-4326-8234-3E7025C81C07}
	EndGlobalSection
EndGlobal
